
Microsoft Visual Studio Solution File, Format Version 12.00
# Visual Studio 2012
Project("{FAE04EC0-301F-11D3-BF4B-00C04F79EFBC}") = "Exigent", "Exigent.csproj", "{337DF084-35D8-437A-979A-E470792591E2}"
EndProject
Project("{FAE04EC0-301F-11D3-BF4B-00C04F79EFBC}") = "ExigentFacts", "..\ExigentFacts\ExigentFacts.csproj", "{7660EA67-F947-4CCA-A4F7-BE8557917391}"
EndProject
Global
	GlobalSection(SolutionConfigurationPlatforms) = preSolution
		Debug|Any CPU = Debug|Any CPU
		Release|Any CPU = Release|Any CPU
	EndGlobalSection
	GlobalSection(ProjectConfigurationPlatforms) = postSolution
		{337DF084-35D8-437A-979A-E470792591E2}.Debug|Any CPU.ActiveCfg = Debug|Any CPU
		{337DF084-35D8-437A-979A-E470792591E2}.Debug|Any CPU.Build.0 = Debug|Any CPU
		{337DF084-35D8-437A-979A-E470792591E2}.Release|Any CPU.ActiveCfg = Release|Any CPU
		{337DF084-35D8-437A-979A-E470792591E2}.Release|Any CPU.Build.0 = Release|Any CPU
		{7660EA67-F947-4CCA-A4F7-BE8557917391}.Debug|Any CPU.ActiveCfg = Debug|Any CPU
		{7660EA67-F947-4CCA-A4F7-BE8557917391}.Debug|Any CPU.Build.0 = Debug|Any CPU
		{7660EA67-F947-4CCA-A4F7-BE8557917391}.Release|Any CPU.ActiveCfg = Release|Any CPU
		{7660EA67-F947-4CCA-A4F7-BE8557917391}.Release|Any CPU.Build.0 = Release|Any CPU
	EndGlobalSection
	GlobalSection(SolutionProperties) = preSolution
		HideSolutionNode = FALSE
	EndGlobalSection
EndGlobal
